
Microsoft Visual Studio Solution File, Format Version 11.00
# Visual Studio 2010
Project("{FAE04EC0-301F-11D3-BF4B-00C04F79EFBC}") = "Yourls.Test", "Yourls.Test\Yourls.Test.csproj", "{920C78E0-2C57-4D77-81FC-FE91EC0BB9E9}"
EndProject
Project("{FAE04EC0-301F-11D3-BF4B-00C04F79EFBC}") = "Yourls", "Yourls\Yourls.csproj", "{312EA5A4-E5C1-47A5-AC42-BFE68367EBB3}"
EndProject
Global
	GlobalSection(SolutionConfigurationPlatforms) = preSolution
		Debug|Any CPU = Debug|Any CPU
		Release|Any CPU = Release|Any CPU
	EndGlobalSection
	GlobalSection(ProjectConfigurationPlatforms) = postSolution
		{920C78E0-2C57-4D77-81FC-FE91EC0BB9E9}.Debug|Any CPU.ActiveCfg = Debug|Any CPU
		{920C78E0-2C57-4D77-81FC-FE91EC0BB9E9}.Debug|Any CPU.Build.0 = Debug|Any CPU
		{920C78E0-2C57-4D77-81FC-FE91EC0BB9E9}.Release|Any CPU.ActiveCfg = Release|Any CPU
		{920C78E0-2C57-4D77-81FC-FE91EC0BB9E9}.Release|Any CPU.Build.0 = Release|Any CPU
		{312EA5A4-E5C1-47A5-AC42-BFE68367EBB3}.Debug|Any CPU.ActiveCfg = Debug|Any CPU
		{312EA5A4-E5C1-47A5-AC42-BFE68367EBB3}.Debug|Any CPU.Build.0 = Debug|Any CPU
		{312EA5A4-E5C1-47A5-AC42-BFE68367EBB3}.Release|Any CPU.ActiveCfg = Release|Any CPU
		{312EA5A4-E5C1-47A5-AC42-BFE68367EBB3}.Release|Any CPU.Build.0 = Release|Any CPU
	EndGlobalSection
	GlobalSection(SolutionProperties) = preSolution
		HideSolutionNode = FALSE
	EndGlobalSection
EndGlobal
